
Microsoft Visual Studio Solution File, Format Version 12.00
# Visual Studio Version 16
VisualStudioVersion = 16.0.36631.11
MinimumVisualStudioVersion = 10.0.40219.1
Project("{FAE04EC0-301F-11D3-BF4B-00C04F79EFBC}") = "Riz.DotNetCoreDemo", "Riz.DotNetCoreDemo\Riz.DotNetCoreDemo.csproj", "{870C023E-0AB5-449E-9532-29EB504E1E44}"
EndProject
Global
	GlobalSection(SolutionConfigurationPlatforms) = preSolution
		Debug|Any CPU = Debug|Any CPU
		Release|Any CPU = Release|Any CPU
	EndGlobalSection
	GlobalSection(ProjectConfigurationPlatforms) = postSolution
		{870C023E-0AB5-449E-9532-29EB504E1E44}.Debug|Any CPU.ActiveCfg = Debug|Any CPU
		{870C023E-0AB5-449E-9532-29EB504E1E44}.Debug|Any CPU.Build.0 = Debug|Any CPU
		{870C023E-0AB5-449E-9532-29EB504E1E44}.Release|Any CPU.ActiveCfg = Release|Any CPU
		{870C023E-0AB5-449E-9532-29EB504E1E44}.Release|Any CPU.Build.0 = Release|Any CPU
	EndGlobalSection
	GlobalSection(SolutionProperties) = preSolution
		HideSolutionNode = FALSE
	EndGlobalSection
	GlobalSection(ExtensibilityGlobals) = postSolution
		SolutionGuid = {96274B38-19C1-4792-B729-82504D416E36}
	EndGlobalSection
EndGlobal
